{
  "name": "@yanzhang123/readonly-db-mcp",
  "version": "0.7.3",
  "lockfileVersion": 3,
  "requires": true,
  "packages": {
    "": {
      "name": "@yanzhang123/readonly-db-mcp",
      "version": "0.7.3",
      "license": "MIT",
      "bin": {
        "mysql-mcp-server-readonly": "npm/bin/mysql-mcp-server-readonly.cjs"
      },
      "engines": {
        "node": ">=18",
        "npm": ">=9"
      }
    }
  }
}
